
Microsoft Visual Studio Solution File, Format Version 12.00
# Visual Studio Version 17
VisualStudioVersion = 17.9.34728.123
MinimumVisualStudioVersion = 10.0.40219.1
Project("{9A19103F-16F7-4668-BE54-9A1E7A4F7556}") = "CsCheck.Extension", "CsCheck.Extension\CsCheck.Extension.csproj", "{12F5D9A2-FE5B-42B3-B5BA-42A192FD10AF}"
EndProject
Project("{9A19103F-16F7-4668-BE54-9A1E7A4F7556}") = "Tests", "Tests\Tests.csproj", "{29666AC4-F212-4973-A1B8-5D73322A8A7A}"
EndProject
Project("{9A19103F-16F7-4668-BE54-9A1E7A4F7556}") = "Demo", "Demo\Demo.csproj", "{DBF38989-BF05-430D-B3DF-1604C8C45EC5}"
EndProject
Global
	GlobalSection(SolutionConfigurationPlatforms) = preSolution
		Debug|Any CPU = Debug|Any CPU
		Release|Any CPU = Release|Any CPU
	EndGlobalSection
	GlobalSection(ProjectConfigurationPlatforms) = postSolution
		{12F5D9A2-FE5B-42B3-B5BA-42A192FD10AF}.Debug|Any CPU.ActiveCfg = Debug|Any CPU
		{12F5D9A2-FE5B-42B3-B5BA-42A192FD10AF}.Debug|Any CPU.Build.0 = Debug|Any CPU
		{12F5D9A2-FE5B-42B3-B5BA-42A192FD10AF}.Release|Any CPU.ActiveCfg = Release|Any CPU
		{12F5D9A2-FE5B-42B3-B5BA-42A192FD10AF}.Release|Any CPU.Build.0 = Release|Any CPU
		{29666AC4-F212-4973-A1B8-5D73322A8A7A}.Debug|Any CPU.ActiveCfg = Debug|Any CPU
		{29666AC4-F212-4973-A1B8-5D73322A8A7A}.Debug|Any CPU.Build.0 = Debug|Any CPU
		{29666AC4-F212-4973-A1B8-5D73322A8A7A}.Release|Any CPU.ActiveCfg = Release|Any CPU
		{29666AC4-F212-4973-A1B8-5D73322A8A7A}.Release|Any CPU.Build.0 = Release|Any CPU
		{DBF38989-BF05-430D-B3DF-1604C8C45EC5}.Debug|Any CPU.ActiveCfg = Debug|Any CPU
		{DBF38989-BF05-430D-B3DF-1604C8C45EC5}.Debug|Any CPU.Build.0 = Debug|Any CPU
		{DBF38989-BF05-430D-B3DF-1604C8C45EC5}.Release|Any CPU.ActiveCfg = Release|Any CPU
		{DBF38989-BF05-430D-B3DF-1604C8C45EC5}.Release|Any CPU.Build.0 = Release|Any CPU
	EndGlobalSection
	GlobalSection(SolutionProperties) = preSolution
		HideSolutionNode = FALSE
	EndGlobalSection
	GlobalSection(ExtensibilityGlobals) = postSolution
		SolutionGuid = {E0F73F8F-CB3C-4A8A-81CA-4A4A6751798B}
	EndGlobalSection
EndGlobal
